# This file is automatically @generated by Cargo.
# It is not intended for manual editing.
version = 4

[[package]]
name = "dezh-boot"
version = "0.1.0"
dependencies = [
 "dezh-core",
 "dezh-kernel",
 "ed25519-compact",
]

[[package]]
name = "dezh-core"
version = "0.1.0"
dependencies = [
 "ed25519-compact",
]

[[package]]
name = "dezh-kernel"
version = "0.1.0"

[[package]]
name = "ed25519-compact"
version = "2.3.1"
source = "registry+https://github.com/rust-lang/crates.io-index"
checksum = "5c24599140dc39d7a81e4476e7573d41bbc18e07c803900298e522a5fbcfbfb6"
