# This file is automatically @generated by Cargo.
# It is not intended for manual editing.
version = 4

[[package]]
name = "dezh-core"
version = "0.1.0"
dependencies = [
 "ed25519-compact",
]

[[package]]
name = "ed25519-compact"
version = "2.4.2"
source = "registry+https://github.com/rust-lang/crates.io-index"
checksum = "f05391a505666bdf2b5d2626f41b7f0f49052b1e33cceac960eaa818008141da"

[[package]]
name = "marz"
version = "0.0.0"
dependencies = [
 "dezh-core",
]
